{
  "version": 4,
  "terraform_version": "1.3.7",
  "serial": 1,
  "lineage": "4c0e533f-b97b-0e3e-f87d-577a708c56fd",
  "outputs": {},
  "resources": [
    {
      "mode": "managed",
      "type": "aws_vpc",
      "name": "myvpc",
      "provider": "provider[\"registry.terraform.io/hashicorp/aws\"]",
      "instances": [
        {
          "schema_version": 1,
          "attributes": {
            "arn": "arn:aws:ec2:eu-west-3:541229359553:vpc/vpc-022de6dacf35df333",
            "assign_generated_ipv6_cidr_block": false,
            "cidr_block": "192.168.0.0/24",
            "default_network_acl_id": "acl-09143ba5e0fe44cb4",
            "default_route_table_id": "rtb-07fee2994e4971a8b",
            "default_security_group_id": "sg-08edc522dfc8146ea",
            "dhcp_options_id": "dopt-0444bce7816c20c37",
            "enable_classiclink": false,
            "enable_classiclink_dns_support": false,
            "enable_dns_hostnames": false,
            "enable_dns_support": true,
            "enable_network_address_usage_metrics": false,
            "id": "vpc-022de6dacf35df333",
            "instance_tenancy": "default",
            "ipv4_ipam_pool_id": null,
            "ipv4_netmask_length": null,
            "ipv6_association_id": "",
            "ipv6_cidr_block": "",
            "ipv6_cidr_block_network_border_group": "",
            "ipv6_ipam_pool_id": "",
            "ipv6_netmask_length": 0,
            "main_route_table_id": "rtb-07fee2994e4971a8b",
            "owner_id": "541229359553",
            "tags": {
              "name": "challenge1"
            },
            "tags_all": {
              "name": "challenge1"
            }
          },
          "sensitive_attributes": [],
          "private": "eyJzY2hlbWFfdmVyc2lvbiI6IjEifQ=="
        }
      ]
    }
  ],
  "check_results": null
}
