{
  "version": 4,
  "terraform_version": "1.3.7",
  "serial": 15,
  "lineage": "b8d756ce-d5bc-3cfc-10fe-f11fa2c201ec",
  "outputs": {
    "vpcid": {
      "value": "vpc-098d1dec3f93441d6",
      "type": "string"
    }
  },
  "resources": [
    {
      "mode": "managed",
      "type": "aws_vpc",
      "name": "myvpc",
      "provider": "provider[\"registry.terraform.io/hashicorp/aws\"]",
      "instances": [
        {
          "schema_version": 1,
          "attributes": {
            "arn": "arn:aws:ec2:eu-west-3:541229359553:vpc/vpc-098d1dec3f93441d6",
            "assign_generated_ipv6_cidr_block": false,
            "cidr_block": "10.0.0.0/16",
            "default_network_acl_id": "acl-0c3b6ea25b3163737",
            "default_route_table_id": "rtb-09d30d65008b36046",
            "default_security_group_id": "sg-090fb07bd65797a25",
            "dhcp_options_id": "dopt-0444bce7816c20c37",
            "enable_classiclink": false,
            "enable_classiclink_dns_support": false,
            "enable_dns_hostnames": false,
            "enable_dns_support": true,
            "enable_network_address_usage_metrics": false,
            "id": "vpc-098d1dec3f93441d6",
            "instance_tenancy": "default",
            "ipv4_ipam_pool_id": null,
            "ipv4_netmask_length": null,
            "ipv6_association_id": "",
            "ipv6_cidr_block": "",
            "ipv6_cidr_block_network_border_group": "",
            "ipv6_ipam_pool_id": "",
            "ipv6_netmask_length": 0,
            "main_route_table_id": "rtb-09d30d65008b36046",
            "owner_id": "541229359553",
            "tags": {
              "name": "jackouille"
            },
            "tags_all": {
              "name": "jackouille"
            }
          },
          "sensitive_attributes": [],
          "private": "eyJzY2hlbWFfdmVyc2lvbiI6IjEifQ=="
        }
      ]
    }
  ],
  "check_results": null
}
